// !$*UTF8*$!
{
	archiveVersion = 1;
	classes = {
	};
	objectVersion = 46;
	objects = {

/* Begin PBXBuildFile section */
		111908BD1A8CD46E00C1A087 /* AppDelegate.swift in Sources */ = {isa = PBXBuildFile; fileRef = 111908BC1A8CD46E00C1A087 /* AppDelegate.swift */; };
		111908C01A8CD46E00C1A087 /* XZZCoreData.xcdatamodeld in Sources */ = {isa = PBXBuildFile; fileRef = 111908BE1A8CD46E00C1A087 /* XZZCoreData.xcdatamodeld */; };
		111908C21A8CD46E00C1A087 /* ViewController.swift in Sources */ = {isa = PBXBuildFile; fileRef = 111908C11A8CD46E00C1A087 /* ViewController.swift */; };
		111908C51A8CD46E00C1A087 /* Main.storyboard in Resources */ = {isa = PBXBuildFile; fileRef = 111908C31A8CD46E00C1A087 /* Main.storyboard */; };
		111908C71A8CD46E00C1A087 /* Images.xcassets in Resources */ = {isa = PBXBuildFile; fileRef = 111908C61A8CD46E00C1A087 /* Images.xcassets */; };
		111908CA1A8CD46E00C1A087 /* LaunchScreen.xib in Resources */ = {isa = PBXBuildFile; fileRef = 111908C81A8CD46E00C1A087 /* LaunchScreen.xib */; };
		111908D61A8CD46E00C1A087 /* XZZCoreDataTests.swift in Sources */ = {isa = PBXBuildFile; fileRef = 111908D51A8CD46E00C1A087 /* XZZCoreDataTests.swift */; };
/* End PBXBuildFile section */

/* Begin PBXContainerItemProxy section */
		111908D01A8CD46E00C1A087 /* PBXContainerItemProxy */ = {
			isa = PBXContainerItemProxy;
			containerPortal = 111908AF1A8CD46E00C1A087 /* Project object */;
			proxyType = 1;
			remoteGlobalIDString = 111908B61A8CD46E00C1A087;
			remoteInfo = XZZCoreData;
		};
/* End PBXContainerItemProxy section */

/* Begin PBXFileReference section */
		111908B71A8CD46E00C1A087 /* XZZCoreData.app */ = {isa = PBXFileReference; explicitFileType = wrapper.application; includeInIndex = 0; path = XZZCoreData.app; sourceTree = BUILT_PRODUCTS_DIR; };
		111908BB1A8CD46E00C1A087 /* Info.plist */ = {isa = PBXFileReference; lastKnownFileType = text.plist.xml; path = Info.plist; sourceTree = "<group>"; };
		111908BC1A8CD46E00C1A087 /* AppDelegate.swift */ = {isa = PBXFileReference; lastKnownFileType = sourcecode.swift; path = AppDelegate.swift; sourceTree = "<group>"; };
		111908BF1A8CD46E00C1A087 /* XZZCoreData.xcdatamodel */ = {isa = PBXFileReference; lastKnownFileType = wrapper.xcdatamodel; path = XZZCoreData.xcdatamodel; sourceTree = "<group>"; };
		111908C11A8CD46E00C1A087 /* ViewController.swift */ = {isa = PBXFileReference; lastKnownFileType = sourcecode.swift; path = ViewController.swift; sourceTree = "<group>"; };
		111908C41A8CD46E00C1A087 /* Base */ = {isa = PBXFileReference; lastKnownFileType = file.storyboard; name = Base; path = Base.lproj/Main.storyboard; sourceTree = "<group>"; };
		111908C61A8CD46E00C1A087 /* Images.xcassets */ = {isa = PBXFileReference; lastKnownFileType = folder.assetcatalog; path = Images.xcassets; sourceTree = "<group>"; };
		111908C91A8CD46E00C1A087 /* Base */ = {isa = PBXFileReference; lastKnownFileType = file.xib; name = Base; path = Base.lproj/LaunchScreen.xib; sourceTree = "<group>"; };
		111908CF1A8CD46E00C1A087 /* XZZCoreDataTests.xctest */ = {isa = PBXFileReference; explicitFileType = wrapper.cfbundle; includeInIndex = 0; path = XZZCoreDataTests.xctest; sourceTree = BUILT_PRODUCTS_DIR; };
		111908D41A8CD46E00C1A087 /* Info.plist */ = {isa = PBXFileReference; lastKnownFileType = text.plist.xml; path = Info.plist; sourceTree = "<group>"; };
		111908D51A8CD46E00C1A087 /* XZZCoreDataTests.swift */ = {isa = PBXFileReference; lastKnownFileType = sourcecode.swift; path = XZZCoreDataTests.swift; sourceTree = "<group>"; };
/* End PBXFileReference section */

/* Begin PBXFrameworksBuildPhase section */
		111908B41A8CD46E00C1A087 /* Frameworks */ = {
			isa = PBXFrameworksBuildPhase;
			buildActionMask = 2147483647;
			files = (
			);
			runOnlyForDeploymentPostprocessing = 0;
		};
		111908CC1A8CD46E00C1A087 /* Frameworks */ = {
			isa = PBXFrameworksBuildPhase;
			buildActionMask = 2147483647;
			files = (
			);
			runOnlyForDeploymentPostprocessing = 0;
		};
/* End PBXFrameworksBuildPhase section */

/* Begin PBXGroup section */
		111908AE1A8CD46E00C1A087 = {
			isa = PBXGroup;
			children = (
				111908B91A8CD46E00C1A087 /* XZZCoreData */,
				111908D21A8CD46E00C1A087 /* XZZCoreDataTests */,
				111908B81A8CD46E00C1A087 /* Products */,
			);
			sourceTree = "<group>";
		};
		111908B81A8CD46E00C1A087 /* Products */ = {
			isa = PBXGroup;
			children = (
				111908B71A8CD46E00C1A087 /* XZZCoreData.app */,
				111908CF1A8CD46E00C1A087 /* XZZCoreDataTests.xctest */,
			);
			name = Products;
			sourceTree = "<group>";
		};
		111908B91A8CD46E00C1A087 /* XZZCoreData */ = {
			isa = PBXGroup;
			children = (
				111908BC1A8CD46E00C1A087 /* AppDelegate.swift */,
				111908C11A8CD46E00C1A087 /* ViewController.swift */,
				111908C31A8CD46E00C1A087 /* Main.storyboard */,
				111908C61A8CD46E00C1A087 /* Images.xcassets */,
				111908C81A8CD46E00C1A087 /* LaunchScreen.xib */,
				111908BE1A8CD46E00C1A087 /* XZZCoreData.xcdatamodeld */,
				111908BA1A8CD46E00C1A087 /* Supporting Files */,
			);
			path = XZZCoreData;
			sourceTree = "<group>";
		};
		111908BA1A8CD46E00C1A087 /* Supporting Files */ = {
			isa = PBXGroup;
			children = (
				111908BB1A8CD46E00C1A087 /* Info.plist */,
			);
			name = "Supporting Files";
			sourceTree = "<group>";
		};
		111908D21A8CD46E00C1A087 /* XZZCoreDataTests */ = {
			isa = PBXGroup;
			children = (
				111908D51A8CD46E00C1A087 /* XZZCoreDataTests.swift */,
				111908D31A8CD46E00C1A087 /* Supporting Files */,
			);
			path = XZZCoreDataTests;
			sourceTree = "<group>";
		};
		111908D31A8CD46E00C1A087 /* Supporting Files */ = {
			isa = PBXGroup;
			children = (
				111908D41A8CD46E00C1A087 /* Info.plist */,
			);
			name = "Supporting Files";
			sourceTree = "<group>";
		};
/* End PBXGroup section */

/* Begin PBXNativeTarget section */
		111908B61A8CD46E00C1A087 /* XZZCoreData */ = {
			isa = PBXNativeTarget;
			buildConfigurationList = 111908D91A8CD46E00C1A087 /* Build configuration list for PBXNativeTarget "XZZCoreData" */;
			buildPhases = (
				111908B31A8CD46E00C1A087 /* Sources */,
				111908B41A8CD46E00C1A087 /* Frameworks */,
				111908B51A8CD46E00C1A087 /* Resources */,
			);
			buildRules = (
			);
			dependencies = (
			);
			name = XZZCoreData;
			productName = XZZCoreData;
			productReference = 111908B71A8CD46E00C1A087 /* XZZCoreData.app */;
			productType = "com.apple.product-type.application";
		};
		111908CE1A8CD46E00C1A087 /* XZZCoreDataTests */ = {
			isa = PBXNativeTarget;
			buildConfigurationList = 111908DC1A8CD46E00C1A087 /* Build configuration list for PBXNativeTarget "XZZCoreDataTests" */;
			buildPhases = (
				111908CB1A8CD46E00C1A087 /* Sources */,
				111908CC1A8CD46E00C1A087 /* Frameworks */,
				111908CD1A8CD46E00C1A087 /* Resources */,
			);
			buildRules = (
			);
			dependencies = (
				111908D11A8CD46E00C1A087 /* PBXTargetDependency */,
			);
			name = XZZCoreDataTests;
			productName = XZZCoreDataTests;
			productReference = 111908CF1A8CD46E00C1A087 /* XZZCoreDataTests.xctest */;
			productType = "com.apple.product-type.bundle.unit-test";
		};
/* End PBXNativeTarget section */

/* Begin PBXProject section */
		111908AF1A8CD46E00C1A087 /* Project object */ = {
			isa = PBXProject;
			attributes = {
				LastUpgradeCheck = 0610;
				ORGANIZATIONNAME = 1st1k;
				TargetAttributes = {
					111908B61A8CD46E00C1A087 = {
						CreatedOnToolsVersion = 6.1.1;
					};
					111908CE1A8CD46E00C1A087 = {
						CreatedOnToolsVersion = 6.1.1;
						TestTargetID = 111908B61A8CD46E00C1A087;
					};
				};
			};
			buildConfigurationList = 111908B21A8CD46E00C1A087 /* Build configuration list for PBXProject "XZZCoreData" */;
			compatibilityVersion = "Xcode 3.2";
			developmentRegion = English;
			hasScannedForEncodings = 0;
			knownRegions = (
				en,
				Base,
			);
			mainGroup = 111908AE1A8CD46E00C1A087;
			productRefGroup = 111908B81A8CD46E00C1A087 /* Products */;
			projectDirPath = "";
			projectRoot = "";
			targets = (
				111908B61A8CD46E00C1A087 /* XZZCoreData */,
				111908CE1A8CD46E00C1A087 /* XZZCoreDataTests */,
			);
		};
/* End PBXProject section */

/* Begin PBXResourcesBuildPhase section */
		111908B51A8CD46E00C1A087 /* Resources */ = {
			isa = PBXResourcesBuildPhase;
			buildActionMask = 2147483647;
			files = (
				111908C51A8CD46E00C1A087 /* Main.storyboard in Resources */,
				111908CA1A8CD46E00C1A087 /* LaunchScreen.xib in Resources */,
				111908C71A8CD46E00C1A087 /* Images.xcassets in Resources */,
			);
			runOnlyForDeploymentPostprocessing = 0;
		};
		111908CD1A8CD46E00C1A087 /* Resources */ = {
			isa = PBXResourcesBuildPhase;
			buildActionMask = 2147483647;
			files = (
			);
			runOnlyForDeploymentPostprocessing = 0;
		};
/* End PBXResourcesBuildPhase section */

/* Begin PBXSourcesBuildPhase section */
		111908B31A8CD46E00C1A087 /* Sources */ = {
			isa = PBXSourcesBuildPhase;
			buildActionMask = 2147483647;
			files = (
				111908C21A8CD46E00C1A087 /* ViewController.swift in Sources */,
				111908BD1A8CD46E00C1A087 /* AppDelegate.swift in Sources */,
				111908C01A8CD46E00C1A087 /* XZZCoreData.xcdatamodeld in Sources */,
			);
			runOnlyForDeploymentPostprocessing = 0;
		};
		111908CB1A8CD46E00C1A087 /* Sources */ = {
			isa = PBXSourcesBuildPhase;
			buildActionMask = 2147483647;
			files = (
				111908D61A8CD46E00C1A087 /* XZZCoreDataTests.swift in Sources */,
			);
			runOnlyForDeploymentPostprocessing = 0;
		};
/* End PBXSourcesBuildPhase section */

/* Begin PBXTargetDependency section */
		111908D11A8CD46E00C1A087 /* PBXTargetDependency */ = {
			isa = PBXTargetDependency;
			target = 111908B61A8CD46E00C1A087 /* XZZCoreData */;
			targetProxy = 111908D01A8CD46E00C1A087 /* PBXContainerItemProxy */;
		};
/* End PBXTargetDependency section */

/* Begin PBXVariantGroup section */
		111908C31A8CD46E00C1A087 /* Main.storyboard */ = {
			isa = PBXVariantGroup;
			children = (
				111908C41A8CD46E00C1A087 /* Base */,
			);
			name = Main.storyboard;
			sourceTree = "<group>";
		};
		111908C81A8CD46E00C1A087 /* LaunchScreen.xib */ = {
			isa = PBXVariantGroup;
			children = (
				111908C91A8CD46E00C1A087 /* Base */,
			);
			name = LaunchScreen.xib;
			sourceTree = "<group>";
		};
/* End PBXVariantGroup section */

/* Begin XCBuildConfiguration section */
		111908D71A8CD46E00C1A087 /* Debug */ = {
			isa = XCBuildConfiguration;
			buildSettings = {
				ALWAYS_SEARCH_USER_PATHS = NO;
				CLANG_CXX_LANGUAGE_STANDARD = "gnu++0x";
				CLANG_CXX_LIBRARY = "libc++";
				CLANG_ENABLE_MODULES = YES;
				CLANG_ENABLE_OBJC_ARC = YES;
				CLANG_WARN_BOOL_CONVERSION = YES;
				CLANG_WARN_CONSTANT_CONVERSION = YES;
				CLANG_WARN_DIRECT_OBJC_ISA_USAGE = YES_ERROR;
				CLANG_WARN_EMPTY_BODY = YES;
				CLANG_WARN_ENUM_CONVERSION = YES;
				CLANG_WARN_INT_CONVERSION = YES;
				CLANG_WARN_OBJC_ROOT_CLASS = YES_ERROR;
				CLANG_WARN_UNREACHABLE_CODE = YES;
				CLANG_WARN__DUPLICATE_METHOD_MATCH = YES;
				"CODE_SIGN_IDENTITY[sdk=iphoneos*]" = "iPhone Developer";
				COPY_PHASE_STRIP = NO;
				ENABLE_STRICT_OBJC_MSGSEND = YES;
				GCC_C_LANGUAGE_STANDARD = gnu99;
				GCC_DYNAMIC_NO_PIC = NO;
				GCC_OPTIMIZATION_LEVEL = 0;
				GCC_PREPROCESSOR_DEFINITIONS = (
					"DEBUG=1",
					"$(inherited)",
				);
				GCC_SYMBOLS_PRIVATE_EXTERN = NO;
				GCC_WARN_64_TO_32_BIT_CONVERSION = YES;
				GCC_WARN_ABOUT_RETURN_TYPE = YES_ERROR;
				GCC_WARN_UNDECLARED_SELECTOR = YES;
				GCC_WARN_UNINITIALIZED_AUTOS = YES_AGGRESSIVE;
				GCC_WARN_UNUSED_FUNCTION = YES;
				GCC_WARN_UNUSED_VARIABLE = YES;
				IPHONEOS_DEPLOYMENT_TARGET = 8.1;
				MTL_ENABLE_DEBUG_INFO = YES;
				ONLY_ACTIVE_ARCH = YES;
				SDKROOT = iphoneos;
				SWIFT_OPTIMIZATION_LEVEL = "-Onone";
				TARGETED_DEVICE_FAMILY = "1,2";
			};
			name = Debug;
		};
		111908D81A8CD46E00C1A087 /* Release */ = {
			isa = XCBuildConfiguration;
			buildSettings = {
				ALWAYS_SEARCH_USER_PATHS = NO;
				CLANG_CXX_LANGUAGE_STANDARD = "gnu++0x";
				CLANG_CXX_LIBRARY = "libc++";
				CLANG_ENABLE_MODULES = YES;
				CLANG_ENABLE_OBJC_ARC = YES;
				CLANG_WARN_BOOL_CONVERSION = YES;
				CLANG_WARN_CONSTANT_CONVERSION = YES;
				CLANG_WARN_DIRECT_OBJC_ISA_USAGE = YES_ERROR;
				CLANG_WARN_EMPTY_BODY = YES;
				CLANG_WARN_ENUM_CONVERSION = YES;
				CLANG_WARN_INT_CONVERSION = YES;
				CLANG_WARN_OBJC_ROOT_CLASS = YES_ERROR;
				CLANG_WARN_UNREACHABLE_CODE = YES;
				CLANG_WARN__DUPLICATE_METHOD_MATCH = YES;
				"CODE_SIGN_IDENTITY[sdk=iphoneos*]" = "iPhone Developer";
				COPY_PHASE_STRIP = YES;
				ENABLE_NS_ASSERTIONS = NO;
				ENABLE_STRICT_OBJC_MSGSEND = YES;
				GCC_C_LANGUAGE_STANDARD = gnu99;
				GCC_WARN_64_TO_32_BIT_CONVERSION = YES;
				GCC_WARN_ABOUT_RETURN_TYPE = YES_ERROR;
				GCC_WARN_UNDECLARED_SELECTOR = YES;
				GCC_WARN_UNINITIALIZED_AUTOS = YES_AGGRESSIVE;
				GCC_WARN_UNUSED_FUNCTION = YES;
				GCC_WARN_UNUSED_VARIABLE = YES;
				IPHONEOS_DEPLOYMENT_TARGET = 8.1;
				MTL_ENABLE_DEBUG_INFO = NO;
				SDKROOT = iphoneos;
				TARGETED_DEVICE_FAMILY = "1,2";
				VALIDATE_PRODUCT = YES;
			};
			name = Release;
		};
		111908DA1A8CD46E00C1A087 /* Debug */ = {
			isa = XCBuildConfiguration;
			buildSettings = {
				ASSETCATALOG_COMPILER_APPICON_NAME = AppIcon;
				INFOPLIST_FILE = XZZCoreData/Info.plist;
				LD_RUNPATH_SEARCH_PATHS = "$(inherited) @executable_path/Frameworks";
				PRODUCT_NAME = "$(TARGET_NAME)";
			};
			name = Debug;
		};
		111908DB1A8CD46E00C1A087 /* Release */ = {
			isa = XCBuildConfiguration;
			buildSettings = {
				ASSETCATALOG_COMPILER_APPICON_NAME = AppIcon;
				INFOPLIST_FILE = XZZCoreData/Info.plist;
				LD_RUNPATH_SEARCH_PATHS = "$(inherited) @executable_path/Frameworks";
				PRODUCT_NAME = "$(TARGET_NAME)";
			};
			name = Release;
		};
		111908DD1A8CD46E00C1A087 /* Debug */ = {
			isa = XCBuildConfiguration;
			buildSettings = {
				BUNDLE_LOADER = "$(TEST_HOST)";
				FRAMEWORK_SEARCH_PATHS = (
					"$(SDKROOT)/Developer/Library/Frameworks",
					"$(inherited)",
				);
				GCC_PREPROCESSOR_DEFINITIONS = (
					"DEBUG=1",
					"$(inherited)",
				);
				INFOPLIST_FILE = XZZCoreDataTests/Info.plist;
				LD_RUNPATH_SEARCH_PATHS = "$(inherited) @executable_path/Frameworks @loader_path/Frameworks";
				PRODUCT_NAME = "$(TARGET_NAME)";
				TEST_HOST = "$(BUILT_PRODUCTS_DIR)/XZZCoreData.app/XZZCoreData";
			};
			name = Debug;
		};
		111908DE1A8CD46E00C1A087 /* Release */ = {
			isa = XCBuildConfiguration;
			buildSettings = {
				BUNDLE_LOADER = "$(TEST_HOST)";
				FRAMEWORK_SEARCH_PATHS = (
					"$(SDKROOT)/Developer/Library/Frameworks",
					"$(inherited)",
				);
				INFOPLIST_FILE = XZZCoreDataTests/Info.plist;
				LD_RUNPATH_SEARCH_PATHS = "$(inherited) @executable_path/Frameworks @loader_path/Frameworks";
				PRODUCT_NAME = "$(TARGET_NAME)";
				TEST_HOST = "$(BUILT_PRODUCTS_DIR)/XZZCoreData.app/XZZCoreData";
			};
			name = Release;
		};
/* End XCBuildConfiguration section */

/* Begin XCConfigurationList section */
		111908B21A8CD46E00C1A087 /* Build configuration list for PBXProject "XZZCoreData" */ = {
			isa = XCConfigurationList;
			buildConfigurations = (
				111908D71A8CD46E00C1A087 /* Debug */,
				111908D81A8CD46E00C1A087 /* Release */,
			);
			defaultConfigurationIsVisible = 0;
			defaultConfigurationName = Release;
		};
		111908D91A8CD46E00C1A087 /* Build configuration list for PBXNativeTarget "XZZCoreData" */ = {
			isa = XCConfigurationList;
			buildConfigurations = (
				111908DA1A8CD46E00C1A087 /* Debug */,
				111908DB1A8CD46E00C1A087 /* Release */,
			);
			defaultConfigurationIsVisible = 0;
		};
		111908DC1A8CD46E00C1A087 /* Build configuration list for PBXNativeTarget "XZZCoreDataTests" */ = {
			isa = XCConfigurationList;
			buildConfigurations = (
				111908DD1A8CD46E00C1A087 /* Debug */,
				111908DE1A8CD46E00C1A087 /* Release */,
			);
			defaultConfigurationIsVisible = 0;
		};
/* End XCConfigurationList section */

/* Begin XCVersionGroup section */
		111908BE1A8CD46E00C1A087 /* XZZCoreData.xcdatamodeld */ = {
			isa = XCVersionGroup;
			children = (
				111908BF1A8CD46E00C1A087 /* XZZCoreData.xcdatamodel */,
			);
			currentVersion = 111908BF1A8CD46E00C1A087 /* XZZCoreData.xcdatamodel */;
			path = XZZCoreData.xcdatamodeld;
			sourceTree = "<group>";
			versionGroupType = wrapper.xcdatamodel;
		};
/* End XCVersionGroup section */
	};
	rootObject = 111908AF1A8CD46E00C1A087 /* Project object */;
}
